
Microsoft Visual Studio Solution File, Format Version 12.00
# Visual Studio 15
VisualStudioVersion = 15.0.27130.2010
MinimumVisualStudioVersion = 10.0.40219.1
Project("{FAE04EC0-301F-11D3-BF4B-00C04F79EFBC}") = "ChatSample", "ChatSample\ChatSample.csproj", "{31ADA224-A474-4837-85F9-CF57F68E2473}"
EndProject
Global
	GlobalSection(SolutionConfigurationPlatforms) = preSolution
		Debug|Any CPU = Debug|Any CPU
		Release|Any CPU = Release|Any CPU
	EndGlobalSection
	GlobalSection(ProjectConfigurationPlatforms) = postSolution
		{31ADA224-A474-4837-85F9-CF57F68E2473}.Debug|Any CPU.ActiveCfg = Debug|Any CPU
		{31ADA224-A474-4837-85F9-CF57F68E2473}.Debug|Any CPU.Build.0 = Debug|Any CPU
		{31ADA224-A474-4837-85F9-CF57F68E2473}.Release|Any CPU.ActiveCfg = Release|Any CPU
		{31ADA224-A474-4837-85F9-CF57F68E2473}.Release|Any CPU.Build.0 = Release|Any CPU
	EndGlobalSection
	GlobalSection(SolutionProperties) = preSolution
		HideSolutionNode = FALSE
	EndGlobalSection
	GlobalSection(ExtensibilityGlobals) = postSolution
		SolutionGuid = {F85F16CD-31F4-4B6A-A9D5-D14317DE6CCE}
	EndGlobalSection
EndGlobal
