
Microsoft Visual Studio Solution File, Format Version 12.00
# Visual Studio 15
VisualStudioVersion = 15.0.27703.2000
MinimumVisualStudioVersion = 10.0.40219.1
Project("{2150E333-8FDC-42A3-9474-1A3956D46DE8}") = "framework", "framework", "{CDBF9EB3-6160-44BE-87D0-3147FC15AF9D}"
EndProject
Project("{2150E333-8FDC-42A3-9474-1A3956D46DE8}") = "signalr", "signalr", "{248B53D6-48DC-4631-8358-9CAD15CFF5E8}"
EndProject
Project("{9A19103F-16F7-4668-BE54-9A1E7A4F7556}") = "agent", "src\agent\agent.csproj", "{4A416BD6-49AD-4524-B90E-77388D1A5ABB}"
EndProject
Project("{9A19103F-16F7-4668-BE54-9A1E7A4F7556}") = "rpc", "src\rpc\rpc.csproj", "{F8723F39-9758-45F3-B478-AFF1C4C8598F}"
EndProject
Project("{9A19103F-16F7-4668-BE54-9A1E7A4F7556}") = "master", "src\master\master.csproj", "{A35C17C3-C649-464D-9621-A23705C8E929}"
EndProject
Project("{9A19103F-16F7-4668-BE54-9A1E7A4F7556}") = "Plugin.Microsoft.Azure.SignalR.Benchmark", "src\signalr\Plugin.Microsoft.Azure.SignalR.Benchmark.csproj", "{A035EB89-DA7D-4F60-A23E-C5B8433D2B55}"
EndProject
Project("{9A19103F-16F7-4668-BE54-9A1E7A4F7556}") = "common", "src\common\common.csproj", "{A07EF85B-9E25-4FC3-92D3-6C07FA058418}"
EndProject
Project("{9A19103F-16F7-4668-BE54-9A1E7A4F7556}") = "interface", "src\interface\interface.csproj", "{43962F64-1144-4175-AAB3-491C970EF182}"
EndProject
Project("{2150E333-8FDC-42A3-9474-1A3956D46DE8}") = "test", "test", "{A595E576-20C8-4980-B1CA-828AD0721C44}"
EndProject
Project("{2150E333-8FDC-42A3-9474-1A3956D46DE8}") = "src", "src", "{FDF450A1-0806-4773-94EA-3B39FCEBD21F}"
EndProject
Project("{9A19103F-16F7-4668-BE54-9A1E7A4F7556}") = "Plugin.Microsoft.Azure.SignalR.Benchmark.Tests", "test\signalr\Plugin.Microsoft.Azure.SignalR.Benchmark.Tests.csproj", "{0FE83222-6498-4023-AA76-67D1AC264507}"
EndProject
Project("{2150E333-8FDC-42A3-9474-1A3956D46DE8}") = "signalr", "signalr", "{4DD87048-C5FB-4916-8AFF-9FF19EEFFEDE}"
EndProject
Project("{9A19103F-16F7-4668-BE54-9A1E7A4F7556}") = "dotnet-signalr-bench", "src\dotnet-signalr-bench\dotnet-signalr-bench.csproj", "{864182CC-E4C3-4B18-9830-A219455F2C3E}"
EndProject
Global
	GlobalSection(SolutionConfigurationPlatforms) = preSolution
		Debug|Any CPU = Debug|Any CPU
		Release|Any CPU = Release|Any CPU
	EndGlobalSection
	GlobalSection(ProjectConfigurationPlatforms) = postSolution
		{4A416BD6-49AD-4524-B90E-77388D1A5ABB}.Debug|Any CPU.ActiveCfg = Debug|Any CPU
		{4A416BD6-49AD-4524-B90E-77388D1A5ABB}.Debug|Any CPU.Build.0 = Debug|Any CPU
		{4A416BD6-49AD-4524-B90E-77388D1A5ABB}.Release|Any CPU.ActiveCfg = Release|Any CPU
		{4A416BD6-49AD-4524-B90E-77388D1A5ABB}.Release|Any CPU.Build.0 = Release|Any CPU
		{F8723F39-9758-45F3-B478-AFF1C4C8598F}.Debug|Any CPU.ActiveCfg = Debug|Any CPU
		{F8723F39-9758-45F3-B478-AFF1C4C8598F}.Debug|Any CPU.Build.0 = Debug|Any CPU
		{F8723F39-9758-45F3-B478-AFF1C4C8598F}.Release|Any CPU.ActiveCfg = Release|Any CPU
		{F8723F39-9758-45F3-B478-AFF1C4C8598F}.Release|Any CPU.Build.0 = Release|Any CPU
		{A35C17C3-C649-464D-9621-A23705C8E929}.Debug|Any CPU.ActiveCfg = Debug|Any CPU
		{A35C17C3-C649-464D-9621-A23705C8E929}.Debug|Any CPU.Build.0 = Debug|Any CPU
		{A35C17C3-C649-464D-9621-A23705C8E929}.Release|Any CPU.ActiveCfg = Release|Any CPU
		{A35C17C3-C649-464D-9621-A23705C8E929}.Release|Any CPU.Build.0 = Release|Any CPU
		{A035EB89-DA7D-4F60-A23E-C5B8433D2B55}.Debug|Any CPU.ActiveCfg = Debug|Any CPU
		{A035EB89-DA7D-4F60-A23E-C5B8433D2B55}.Debug|Any CPU.Build.0 = Debug|Any CPU
		{A035EB89-DA7D-4F60-A23E-C5B8433D2B55}.Release|Any CPU.ActiveCfg = Release|Any CPU
		{A035EB89-DA7D-4F60-A23E-C5B8433D2B55}.Release|Any CPU.Build.0 = Release|Any CPU
		{A07EF85B-9E25-4FC3-92D3-6C07FA058418}.Debug|Any CPU.ActiveCfg = Debug|Any CPU
		{A07EF85B-9E25-4FC3-92D3-6C07FA058418}.Debug|Any CPU.Build.0 = Debug|Any CPU
		{A07EF85B-9E25-4FC3-92D3-6C07FA058418}.Release|Any CPU.ActiveCfg = Release|Any CPU
		{A07EF85B-9E25-4FC3-92D3-6C07FA058418}.Release|Any CPU.Build.0 = Release|Any CPU
		{43962F64-1144-4175-AAB3-491C970EF182}.Debug|Any CPU.ActiveCfg = Debug|Any CPU
		{43962F64-1144-4175-AAB3-491C970EF182}.Debug|Any CPU.Build.0 = Debug|Any CPU
		{43962F64-1144-4175-AAB3-491C970EF182}.Release|Any CPU.ActiveCfg = Release|Any CPU
		{43962F64-1144-4175-AAB3-491C970EF182}.Release|Any CPU.Build.0 = Release|Any CPU
		{0FE83222-6498-4023-AA76-67D1AC264507}.Debug|Any CPU.ActiveCfg = Debug|Any CPU
		{0FE83222-6498-4023-AA76-67D1AC264507}.Debug|Any CPU.Build.0 = Debug|Any CPU
		{0FE83222-6498-4023-AA76-67D1AC264507}.Release|Any CPU.ActiveCfg = Release|Any CPU
		{0FE83222-6498-4023-AA76-67D1AC264507}.Release|Any CPU.Build.0 = Release|Any CPU
		{864182CC-E4C3-4B18-9830-A219455F2C3E}.Debug|Any CPU.ActiveCfg = Debug|Any CPU
		{864182CC-E4C3-4B18-9830-A219455F2C3E}.Debug|Any CPU.Build.0 = Debug|Any CPU
		{864182CC-E4C3-4B18-9830-A219455F2C3E}.Release|Any CPU.ActiveCfg = Release|Any CPU
		{864182CC-E4C3-4B18-9830-A219455F2C3E}.Release|Any CPU.Build.0 = Release|Any CPU
	EndGlobalSection
	GlobalSection(SolutionProperties) = preSolution
		HideSolutionNode = FALSE
	EndGlobalSection
	GlobalSection(NestedProjects) = preSolution
		{CDBF9EB3-6160-44BE-87D0-3147FC15AF9D} = {FDF450A1-0806-4773-94EA-3B39FCEBD21F}
		{248B53D6-48DC-4631-8358-9CAD15CFF5E8} = {FDF450A1-0806-4773-94EA-3B39FCEBD21F}
		{4A416BD6-49AD-4524-B90E-77388D1A5ABB} = {CDBF9EB3-6160-44BE-87D0-3147FC15AF9D}
		{F8723F39-9758-45F3-B478-AFF1C4C8598F} = {CDBF9EB3-6160-44BE-87D0-3147FC15AF9D}
		{A35C17C3-C649-464D-9621-A23705C8E929} = {CDBF9EB3-6160-44BE-87D0-3147FC15AF9D}
		{A035EB89-DA7D-4F60-A23E-C5B8433D2B55} = {248B53D6-48DC-4631-8358-9CAD15CFF5E8}
		{A07EF85B-9E25-4FC3-92D3-6C07FA058418} = {FDF450A1-0806-4773-94EA-3B39FCEBD21F}
		{43962F64-1144-4175-AAB3-491C970EF182} = {FDF450A1-0806-4773-94EA-3B39FCEBD21F}
		{0FE83222-6498-4023-AA76-67D1AC264507} = {4DD87048-C5FB-4916-8AFF-9FF19EEFFEDE}
		{4DD87048-C5FB-4916-8AFF-9FF19EEFFEDE} = {A595E576-20C8-4980-B1CA-828AD0721C44}
		{864182CC-E4C3-4B18-9830-A219455F2C3E} = {FDF450A1-0806-4773-94EA-3B39FCEBD21F}
	EndGlobalSection
	GlobalSection(ExtensibilityGlobals) = postSolution
		SolutionGuid = {74F85124-663D-4290-9699-7FB524E07A8C}
	EndGlobalSection
EndGlobal
