
Microsoft Visual Studio Solution File, Format Version 12.00
# Visual Studio 15
VisualStudioVersion = 15.0.27703.2000
MinimumVisualStudioVersion = 10.0.40219.1
Project("{2150E333-8FDC-42A3-9474-1A3956D46DE8}") = "src", "src", "{EE26136D-4C3D-4871-BB69-02695A29CC24}"
EndProject
Project("{2150E333-8FDC-42A3-9474-1A3956D46DE8}") = "test", "test", "{4B44E2FE-1DDE-48B8-BFD6-20A140EACC46}"
EndProject
Project("{9A19103F-16F7-4668-BE54-9A1E7A4F7556}") = "Microsoft.Azure.SignalR.Benchmark.Master", "src\Microsoft.Azure.SignalR.Benchmark.Master\Microsoft.Azure.SignalR.Benchmark.Master.csproj", "{6C7FA8D3-63A3-4D1A-B414-A5FB1EEA8442}"
EndProject
Global
	GlobalSection(SolutionConfigurationPlatforms) = preSolution
		Debug|Any CPU = Debug|Any CPU
		Release|Any CPU = Release|Any CPU
	EndGlobalSection
	GlobalSection(ProjectConfigurationPlatforms) = postSolution
		{6C7FA8D3-63A3-4D1A-B414-A5FB1EEA8442}.Debug|Any CPU.ActiveCfg = Debug|Any CPU
		{6C7FA8D3-63A3-4D1A-B414-A5FB1EEA8442}.Debug|Any CPU.Build.0 = Debug|Any CPU
		{6C7FA8D3-63A3-4D1A-B414-A5FB1EEA8442}.Release|Any CPU.ActiveCfg = Release|Any CPU
		{6C7FA8D3-63A3-4D1A-B414-A5FB1EEA8442}.Release|Any CPU.Build.0 = Release|Any CPU
	EndGlobalSection
	GlobalSection(SolutionProperties) = preSolution
		HideSolutionNode = FALSE
	EndGlobalSection
	GlobalSection(NestedProjects) = preSolution
		{6C7FA8D3-63A3-4D1A-B414-A5FB1EEA8442} = {EE26136D-4C3D-4871-BB69-02695A29CC24}
	EndGlobalSection
	GlobalSection(ExtensibilityGlobals) = postSolution
		SolutionGuid = {74F85124-663D-4290-9699-7FB524E07A8C}
	EndGlobalSection
EndGlobal
