
Microsoft Visual Studio Solution File, Format Version 12.00
# Visual Studio 15
VisualStudioVersion = 15.0.27703.2000
MinimumVisualStudioVersion = 10.0.40219.1
Project("{2150E333-8FDC-42A3-9474-1A3956D46DE8}") = "framework", "framework", "{CDBF9EB3-6160-44BE-87D0-3147FC15AF9D}"
EndProject
Project("{9A19103F-16F7-4668-BE54-9A1E7A4F7556}") = "slave", "framework\slave\slave.csproj", "{3F065D76-6957-4462-8735-6C100A013A16}"
EndProject
Project("{9A19103F-16F7-4668-BE54-9A1E7A4F7556}") = "rpc", "framework\rpc\rpc.csproj", "{9C85C9D3-558C-4AE4-8A2B-666BC4A5106B}"
EndProject
Project("{9A19103F-16F7-4668-BE54-9A1E7A4F7556}") = "master", "framework\master\master.csproj", "{D5A41D15-BC95-4B0A-AAA7-4223152125EA}"
EndProject
Project("{9A19103F-16F7-4668-BE54-9A1E7A4F7556}") = "common", "common\common.csproj", "{4E83D30E-0FBC-451E-BA7A-A6533A03C50E}"
EndProject
Project("{2150E333-8FDC-42A3-9474-1A3956D46DE8}") = "utils", "utils", "{7BDF94C0-2C4F-4F63-B7B3-F7197EB239EE}"
EndProject
Project("{9A19103F-16F7-4668-BE54-9A1E7A4F7556}") = "Commander", "utils\Commander\Commander.csproj", "{C1B41BC5-1A5F-4B26-A554-6C61D903CA91}"
EndProject
Project("{9A19103F-16F7-4668-BE54-9A1E7A4F7556}") = "Plugin.Microsoft.Azure.SignalR.Benchmark", "signalr\Plugin.Microsoft.Azure.SignalR.Benchmark\Plugin.Microsoft.Azure.SignalR.Benchmark.csproj", "{BB0826AF-9504-4CAE-AC3C-898C0206F1B8}"
EndProject
Project("{9A19103F-16F7-4668-BE54-9A1E7A4F7556}") = "Plugin.Microsoft.Azure.SignalR.Benchmark.Tests", "signalr\Plugin.Microsoft.Azure.SignalR.Benchmark.Tests\Plugin.Microsoft.Azure.SignalR.Benchmark.Tests.csproj", "{E7580A8C-F3B9-4D09-A92B-A1A046B43B26}"
EndProject
Project("{9A19103F-16F7-4668-BE54-9A1E7A4F7556}") = "interface", "interface\interface.csproj", "{9C583382-4B9D-4175-AB3E-2EE7AED36DB3}"
EndProject
Project("{2150E333-8FDC-42A3-9474-1A3956D46DE8}") = "signalr", "signalr", "{248B53D6-48DC-4631-8358-9CAD15CFF5E8}"
EndProject
Global
	GlobalSection(SolutionConfigurationPlatforms) = preSolution
		Debug|Any CPU = Debug|Any CPU
		Release|Any CPU = Release|Any CPU
	EndGlobalSection
	GlobalSection(ProjectConfigurationPlatforms) = postSolution
		{3F065D76-6957-4462-8735-6C100A013A16}.Debug|Any CPU.ActiveCfg = Debug|Any CPU
		{3F065D76-6957-4462-8735-6C100A013A16}.Debug|Any CPU.Build.0 = Debug|Any CPU
		{3F065D76-6957-4462-8735-6C100A013A16}.Release|Any CPU.ActiveCfg = Release|Any CPU
		{3F065D76-6957-4462-8735-6C100A013A16}.Release|Any CPU.Build.0 = Release|Any CPU
		{9C85C9D3-558C-4AE4-8A2B-666BC4A5106B}.Debug|Any CPU.ActiveCfg = Debug|Any CPU
		{9C85C9D3-558C-4AE4-8A2B-666BC4A5106B}.Debug|Any CPU.Build.0 = Debug|Any CPU
		{9C85C9D3-558C-4AE4-8A2B-666BC4A5106B}.Release|Any CPU.ActiveCfg = Release|Any CPU
		{9C85C9D3-558C-4AE4-8A2B-666BC4A5106B}.Release|Any CPU.Build.0 = Release|Any CPU
		{D5A41D15-BC95-4B0A-AAA7-4223152125EA}.Debug|Any CPU.ActiveCfg = Debug|Any CPU
		{D5A41D15-BC95-4B0A-AAA7-4223152125EA}.Debug|Any CPU.Build.0 = Debug|Any CPU
		{D5A41D15-BC95-4B0A-AAA7-4223152125EA}.Release|Any CPU.ActiveCfg = Release|Any CPU
		{D5A41D15-BC95-4B0A-AAA7-4223152125EA}.Release|Any CPU.Build.0 = Release|Any CPU
		{4E83D30E-0FBC-451E-BA7A-A6533A03C50E}.Debug|Any CPU.ActiveCfg = Debug|Any CPU
		{4E83D30E-0FBC-451E-BA7A-A6533A03C50E}.Debug|Any CPU.Build.0 = Debug|Any CPU
		{4E83D30E-0FBC-451E-BA7A-A6533A03C50E}.Release|Any CPU.ActiveCfg = Release|Any CPU
		{4E83D30E-0FBC-451E-BA7A-A6533A03C50E}.Release|Any CPU.Build.0 = Release|Any CPU
		{C1B41BC5-1A5F-4B26-A554-6C61D903CA91}.Debug|Any CPU.ActiveCfg = Debug|Any CPU
		{C1B41BC5-1A5F-4B26-A554-6C61D903CA91}.Debug|Any CPU.Build.0 = Debug|Any CPU
		{C1B41BC5-1A5F-4B26-A554-6C61D903CA91}.Release|Any CPU.ActiveCfg = Release|Any CPU
		{C1B41BC5-1A5F-4B26-A554-6C61D903CA91}.Release|Any CPU.Build.0 = Release|Any CPU
		{BB0826AF-9504-4CAE-AC3C-898C0206F1B8}.Debug|Any CPU.ActiveCfg = Debug|Any CPU
		{BB0826AF-9504-4CAE-AC3C-898C0206F1B8}.Debug|Any CPU.Build.0 = Debug|Any CPU
		{BB0826AF-9504-4CAE-AC3C-898C0206F1B8}.Release|Any CPU.ActiveCfg = Release|Any CPU
		{BB0826AF-9504-4CAE-AC3C-898C0206F1B8}.Release|Any CPU.Build.0 = Release|Any CPU
		{E7580A8C-F3B9-4D09-A92B-A1A046B43B26}.Debug|Any CPU.ActiveCfg = Debug|Any CPU
		{E7580A8C-F3B9-4D09-A92B-A1A046B43B26}.Debug|Any CPU.Build.0 = Debug|Any CPU
		{E7580A8C-F3B9-4D09-A92B-A1A046B43B26}.Release|Any CPU.ActiveCfg = Release|Any CPU
		{E7580A8C-F3B9-4D09-A92B-A1A046B43B26}.Release|Any CPU.Build.0 = Release|Any CPU
		{9C583382-4B9D-4175-AB3E-2EE7AED36DB3}.Debug|Any CPU.ActiveCfg = Debug|Any CPU
		{9C583382-4B9D-4175-AB3E-2EE7AED36DB3}.Debug|Any CPU.Build.0 = Debug|Any CPU
		{9C583382-4B9D-4175-AB3E-2EE7AED36DB3}.Release|Any CPU.ActiveCfg = Release|Any CPU
		{9C583382-4B9D-4175-AB3E-2EE7AED36DB3}.Release|Any CPU.Build.0 = Release|Any CPU
	EndGlobalSection
	GlobalSection(SolutionProperties) = preSolution
		HideSolutionNode = FALSE
	EndGlobalSection
	GlobalSection(NestedProjects) = preSolution
		{3F065D76-6957-4462-8735-6C100A013A16} = {CDBF9EB3-6160-44BE-87D0-3147FC15AF9D}
		{9C85C9D3-558C-4AE4-8A2B-666BC4A5106B} = {CDBF9EB3-6160-44BE-87D0-3147FC15AF9D}
		{D5A41D15-BC95-4B0A-AAA7-4223152125EA} = {CDBF9EB3-6160-44BE-87D0-3147FC15AF9D}
		{C1B41BC5-1A5F-4B26-A554-6C61D903CA91} = {7BDF94C0-2C4F-4F63-B7B3-F7197EB239EE}
		{BB0826AF-9504-4CAE-AC3C-898C0206F1B8} = {248B53D6-48DC-4631-8358-9CAD15CFF5E8}
		{E7580A8C-F3B9-4D09-A92B-A1A046B43B26} = {248B53D6-48DC-4631-8358-9CAD15CFF5E8}
	EndGlobalSection
	GlobalSection(ExtensibilityGlobals) = postSolution
		SolutionGuid = {74F85124-663D-4290-9699-7FB524E07A8C}
	EndGlobalSection
EndGlobal
