
Microsoft Visual Studio Solution File, Format Version 12.00
# Visual Studio 15
VisualStudioVersion = 15.0.28010.2046
MinimumVisualStudioVersion = 10.0.40219.1
Project("{FAE04EC0-301F-11D3-BF4B-00C04F79EFBC}") = "DeployWebApp", "DeployWebApp.csproj", "{D7B13200-0BD0-408A-AEB9-776C06A03C3D}"
EndProject
Global
	GlobalSection(SolutionConfigurationPlatforms) = preSolution
		Debug|Any CPU = Debug|Any CPU
		Release|Any CPU = Release|Any CPU
	EndGlobalSection
	GlobalSection(ProjectConfigurationPlatforms) = postSolution
		{D7B13200-0BD0-408A-AEB9-776C06A03C3D}.Debug|Any CPU.ActiveCfg = Debug|Any CPU
		{D7B13200-0BD0-408A-AEB9-776C06A03C3D}.Debug|Any CPU.Build.0 = Debug|Any CPU
		{D7B13200-0BD0-408A-AEB9-776C06A03C3D}.Release|Any CPU.ActiveCfg = Release|Any CPU
		{D7B13200-0BD0-408A-AEB9-776C06A03C3D}.Release|Any CPU.Build.0 = Release|Any CPU
	EndGlobalSection
	GlobalSection(SolutionProperties) = preSolution
		HideSolutionNode = FALSE
	EndGlobalSection
	GlobalSection(ExtensibilityGlobals) = postSolution
		SolutionGuid = {A4178681-356C-4BF7-BB69-4186A59D4786}
	EndGlobalSection
EndGlobal
