
Microsoft Visual Studio Solution File, Format Version 12.00
# Visual Studio 15
VisualStudioVersion = 15.0.27703.2000
MinimumVisualStudioVersion = 10.0.40219.1
Project("{9A19103F-16F7-4668-BE54-9A1E7A4F7556}") = "Bench.RpcMaster", "Bench.Client\Bench.RpcMaster.csproj", "{BD68D8C4-C884-4A17-AF7A-481DD882A8DC}"
EndProject
Project("{9A19103F-16F7-4668-BE54-9A1E7A4F7556}") = "Bench.Common", "Bench.Common\Bench.Common.csproj", "{D1D5E127-E880-4C55-BE3F-F819C25FB20E}"
EndProject
Project("{9A19103F-16F7-4668-BE54-9A1E7A4F7556}") = "Bench.RpcSlave", "Bench.Server\Bench.RpcSlave.csproj", "{729D0F45-2A1E-4E40-970B-EAC586D85B67}"
EndProject
Global
	GlobalSection(SolutionConfigurationPlatforms) = preSolution
		Debug|Any CPU = Debug|Any CPU
		Release|Any CPU = Release|Any CPU
	EndGlobalSection
	GlobalSection(ProjectConfigurationPlatforms) = postSolution
		{BD68D8C4-C884-4A17-AF7A-481DD882A8DC}.Debug|Any CPU.ActiveCfg = Debug|Any CPU
		{BD68D8C4-C884-4A17-AF7A-481DD882A8DC}.Debug|Any CPU.Build.0 = Debug|Any CPU
		{BD68D8C4-C884-4A17-AF7A-481DD882A8DC}.Release|Any CPU.ActiveCfg = Release|Any CPU
		{BD68D8C4-C884-4A17-AF7A-481DD882A8DC}.Release|Any CPU.Build.0 = Release|Any CPU
		{D1D5E127-E880-4C55-BE3F-F819C25FB20E}.Debug|Any CPU.ActiveCfg = Debug|Any CPU
		{D1D5E127-E880-4C55-BE3F-F819C25FB20E}.Debug|Any CPU.Build.0 = Debug|Any CPU
		{D1D5E127-E880-4C55-BE3F-F819C25FB20E}.Release|Any CPU.ActiveCfg = Release|Any CPU
		{D1D5E127-E880-4C55-BE3F-F819C25FB20E}.Release|Any CPU.Build.0 = Release|Any CPU
		{729D0F45-2A1E-4E40-970B-EAC586D85B67}.Debug|Any CPU.ActiveCfg = Debug|Any CPU
		{729D0F45-2A1E-4E40-970B-EAC586D85B67}.Debug|Any CPU.Build.0 = Debug|Any CPU
		{729D0F45-2A1E-4E40-970B-EAC586D85B67}.Release|Any CPU.ActiveCfg = Release|Any CPU
		{729D0F45-2A1E-4E40-970B-EAC586D85B67}.Release|Any CPU.Build.0 = Release|Any CPU
	EndGlobalSection
	GlobalSection(SolutionProperties) = preSolution
		HideSolutionNode = FALSE
	EndGlobalSection
	GlobalSection(ExtensibilityGlobals) = postSolution
		SolutionGuid = {550ECE4F-D0F7-4837-AA27-5A08CB2089B4}
	EndGlobalSection
EndGlobal
