
Microsoft Visual Studio Solution File, Format Version 12.00
# Visual Studio Version 16
VisualStudioVersion = 16.0.30225.117
MinimumVisualStudioVersion = 10.0.40219.1
Project("{2150E333-8FDC-42A3-9474-1A3956D46DE8}") = "Pods", "Pods", "{ADAB79C6-C6CF-4D1C-BAB6-8F2476317C46}"
	ProjectSection(SolutionItems) = preProject
		Pods\README.md = Pods\README.md
	EndProjectSection
EndProject
Project("{9A19103F-16F7-4668-BE54-9A1E7A4F7556}") = "Coordinator", "Pods\Coordinator\Coordinator.csproj", "{736683BA-DBB6-45C0-9A53-AE1082DE0107}"
	ProjectSection(ProjectDependencies) = postProject
		{EAA8215B-65D6-43ED-8351-845C7F93A525} = {EAA8215B-65D6-43ED-8351-845C7F93A525}
	EndProjectSection
EndProject
Project("{9A19103F-16F7-4668-BE54-9A1E7A4F7556}") = "Client", "Pods\Client\Client.csproj", "{1E0D71B9-AB7B-48F6-9A52-93E3C545CA9A}"
EndProject
Project("{9A19103F-16F7-4668-BE54-9A1E7A4F7556}") = "Compiler", "Pods\Compiler\Compiler.csproj", "{29D3E83A-49D4-4A07-8289-D7B70B8BF0EA}"
EndProject
Project("{2150E333-8FDC-42A3-9474-1A3956D46DE8}") = "Libs", "Libs", "{F977B835-277F-4EA8-84DD-B5E7711E437C}"
	ProjectSection(SolutionItems) = preProject
		Libs\README.md = Libs\README.md
	EndProjectSection
EndProject
Project("{9A19103F-16F7-4668-BE54-9A1E7A4F7556}") = "Storage", "Libs\Storage\Storage.csproj", "{9A5B4766-2E89-432D-A99A-C4A4B4408616}"
EndProject
Project("{9A19103F-16F7-4668-BE54-9A1E7A4F7556}") = "Messages", "Libs\Messages\Messages.csproj", "{2168F175-DD63-4BAF-A0D4-E5B9B37B1DA1}"
EndProject
Project("{2150E333-8FDC-42A3-9474-1A3956D46DE8}") = "Tests", "Tests", "{AF9D2FC3-5909-43B4-8A40-5A48A1FEB3B2}"
EndProject
Project("{9A19103F-16F7-4668-BE54-9A1E7A4F7556}") = "MessagesTest", "Tests\MessagesTest\MessagesTest.csproj", "{8932E14B-CD8C-4830-AF22-A1A43CDEE2CC}"
EndProject
Project("{9A19103F-16F7-4668-BE54-9A1E7A4F7556}") = "TestCommon", "Tests\TestCommon\TestCommon.csproj", "{7EEC5B83-DC8B-42FE-B14B-CADFD2D41465}"
EndProject
Project("{9A19103F-16F7-4668-BE54-9A1E7A4F7556}") = "StorageTest", "Tests\StorageTest\StorageTest.csproj", "{DBB2FE47-13CF-4539-B9B1-17DDDDC35987}"
EndProject
Project("{9A19103F-16F7-4668-BE54-9A1E7A4F7556}") = "Common", "Libs\Common\Common.csproj", "{EAA8215B-65D6-43ED-8351-845C7F93A525}"
EndProject
Project("{9A19103F-16F7-4668-BE54-9A1E7A4F7556}") = "CommonTest", "Tests\CommonTest\CommonTest.csproj", "{0EDB7D79-C03E-435F-9177-33BED48489A9}"
EndProject
Project("{9A19103F-16F7-4668-BE54-9A1E7A4F7556}") = "AppServer", "Pods\AppServer\AppServer.csproj", "{4368B80F-0583-488B-9630-AC03C4F56635}"
EndProject
Project("{9A19103F-16F7-4668-BE54-9A1E7A4F7556}") = "Portal", "Pods\Portal\Portal.csproj", "{08BE184F-4316-4C1F-A351-AED37411E7D2}"
EndProject
Project("{FAE04EC0-301F-11D3-BF4B-00C04F79EFBC}") = "SignalRUpstream", "Pods\SignalRUpstream\SignalRUpstream.csproj", "{E862FB04-DFAF-494B-8BF5-01F8D12B3BA7}"
EndProject
Project("{FAE04EC0-301F-11D3-BF4B-00C04F79EFBC}") = "AspNetAppServer", "Pods\AspNetAppServer\AspNetAppServer.csproj", "{C24C4A22-1DF1-415E-8FFB-38654504BF0F}"
EndProject
Project("{FAE04EC0-301F-11D3-BF4B-00C04F79EFBC}") = "WpsUpstream", "Pods\WpsUpstream\WpsUpstream.csproj", "{01B4A98C-18F4-4762-8A86-0BCE30CDFA2B}"
EndProject
Project("{FAE04EC0-301F-11D3-BF4B-00C04F79EFBC}") = "SioClient", "Pods\SioClient\SioClient.csproj", "{26DEC06D-9E33-461D-9407-33D4C5A89465}"
EndProject
Global
	GlobalSection(SolutionConfigurationPlatforms) = preSolution
		Debug|Any CPU = Debug|Any CPU
		Release|Any CPU = Release|Any CPU
	EndGlobalSection
	GlobalSection(ProjectConfigurationPlatforms) = postSolution
		{736683BA-DBB6-45C0-9A53-AE1082DE0107}.Debug|Any CPU.ActiveCfg = Debug|Any CPU
		{736683BA-DBB6-45C0-9A53-AE1082DE0107}.Debug|Any CPU.Build.0 = Debug|Any CPU
		{736683BA-DBB6-45C0-9A53-AE1082DE0107}.Release|Any CPU.ActiveCfg = Release|Any CPU
		{736683BA-DBB6-45C0-9A53-AE1082DE0107}.Release|Any CPU.Build.0 = Release|Any CPU
		{1E0D71B9-AB7B-48F6-9A52-93E3C545CA9A}.Debug|Any CPU.ActiveCfg = Debug|Any CPU
		{1E0D71B9-AB7B-48F6-9A52-93E3C545CA9A}.Debug|Any CPU.Build.0 = Debug|Any CPU
		{1E0D71B9-AB7B-48F6-9A52-93E3C545CA9A}.Release|Any CPU.ActiveCfg = Release|Any CPU
		{1E0D71B9-AB7B-48F6-9A52-93E3C545CA9A}.Release|Any CPU.Build.0 = Release|Any CPU
		{29D3E83A-49D4-4A07-8289-D7B70B8BF0EA}.Debug|Any CPU.ActiveCfg = Debug|Any CPU
		{29D3E83A-49D4-4A07-8289-D7B70B8BF0EA}.Debug|Any CPU.Build.0 = Debug|Any CPU
		{29D3E83A-49D4-4A07-8289-D7B70B8BF0EA}.Release|Any CPU.ActiveCfg = Release|Any CPU
		{29D3E83A-49D4-4A07-8289-D7B70B8BF0EA}.Release|Any CPU.Build.0 = Release|Any CPU
		{9A5B4766-2E89-432D-A99A-C4A4B4408616}.Debug|Any CPU.ActiveCfg = Debug|Any CPU
		{9A5B4766-2E89-432D-A99A-C4A4B4408616}.Debug|Any CPU.Build.0 = Debug|Any CPU
		{9A5B4766-2E89-432D-A99A-C4A4B4408616}.Release|Any CPU.ActiveCfg = Release|Any CPU
		{9A5B4766-2E89-432D-A99A-C4A4B4408616}.Release|Any CPU.Build.0 = Release|Any CPU
		{2168F175-DD63-4BAF-A0D4-E5B9B37B1DA1}.Debug|Any CPU.ActiveCfg = Debug|Any CPU
		{2168F175-DD63-4BAF-A0D4-E5B9B37B1DA1}.Debug|Any CPU.Build.0 = Debug|Any CPU
		{2168F175-DD63-4BAF-A0D4-E5B9B37B1DA1}.Release|Any CPU.ActiveCfg = Release|Any CPU
		{2168F175-DD63-4BAF-A0D4-E5B9B37B1DA1}.Release|Any CPU.Build.0 = Release|Any CPU
		{8932E14B-CD8C-4830-AF22-A1A43CDEE2CC}.Debug|Any CPU.ActiveCfg = Debug|Any CPU
		{8932E14B-CD8C-4830-AF22-A1A43CDEE2CC}.Debug|Any CPU.Build.0 = Debug|Any CPU
		{8932E14B-CD8C-4830-AF22-A1A43CDEE2CC}.Release|Any CPU.ActiveCfg = Release|Any CPU
		{8932E14B-CD8C-4830-AF22-A1A43CDEE2CC}.Release|Any CPU.Build.0 = Release|Any CPU
		{7EEC5B83-DC8B-42FE-B14B-CADFD2D41465}.Debug|Any CPU.ActiveCfg = Debug|Any CPU
		{7EEC5B83-DC8B-42FE-B14B-CADFD2D41465}.Debug|Any CPU.Build.0 = Debug|Any CPU
		{7EEC5B83-DC8B-42FE-B14B-CADFD2D41465}.Release|Any CPU.ActiveCfg = Release|Any CPU
		{7EEC5B83-DC8B-42FE-B14B-CADFD2D41465}.Release|Any CPU.Build.0 = Release|Any CPU
		{DBB2FE47-13CF-4539-B9B1-17DDDDC35987}.Debug|Any CPU.ActiveCfg = Debug|Any CPU
		{DBB2FE47-13CF-4539-B9B1-17DDDDC35987}.Debug|Any CPU.Build.0 = Debug|Any CPU
		{DBB2FE47-13CF-4539-B9B1-17DDDDC35987}.Release|Any CPU.ActiveCfg = Release|Any CPU
		{DBB2FE47-13CF-4539-B9B1-17DDDDC35987}.Release|Any CPU.Build.0 = Release|Any CPU
		{EAA8215B-65D6-43ED-8351-845C7F93A525}.Debug|Any CPU.ActiveCfg = Debug|Any CPU
		{EAA8215B-65D6-43ED-8351-845C7F93A525}.Debug|Any CPU.Build.0 = Debug|Any CPU
		{EAA8215B-65D6-43ED-8351-845C7F93A525}.Release|Any CPU.ActiveCfg = Release|Any CPU
		{EAA8215B-65D6-43ED-8351-845C7F93A525}.Release|Any CPU.Build.0 = Release|Any CPU
		{0EDB7D79-C03E-435F-9177-33BED48489A9}.Debug|Any CPU.ActiveCfg = Debug|Any CPU
		{0EDB7D79-C03E-435F-9177-33BED48489A9}.Debug|Any CPU.Build.0 = Debug|Any CPU
		{0EDB7D79-C03E-435F-9177-33BED48489A9}.Release|Any CPU.ActiveCfg = Release|Any CPU
		{0EDB7D79-C03E-435F-9177-33BED48489A9}.Release|Any CPU.Build.0 = Release|Any CPU
		{4368B80F-0583-488B-9630-AC03C4F56635}.Debug|Any CPU.ActiveCfg = Debug|Any CPU
		{4368B80F-0583-488B-9630-AC03C4F56635}.Debug|Any CPU.Build.0 = Debug|Any CPU
		{4368B80F-0583-488B-9630-AC03C4F56635}.Release|Any CPU.ActiveCfg = Release|Any CPU
		{4368B80F-0583-488B-9630-AC03C4F56635}.Release|Any CPU.Build.0 = Release|Any CPU
		{08BE184F-4316-4C1F-A351-AED37411E7D2}.Debug|Any CPU.ActiveCfg = Debug|Any CPU
		{08BE184F-4316-4C1F-A351-AED37411E7D2}.Debug|Any CPU.Build.0 = Debug|Any CPU
		{08BE184F-4316-4C1F-A351-AED37411E7D2}.Release|Any CPU.ActiveCfg = Release|Any CPU
		{08BE184F-4316-4C1F-A351-AED37411E7D2}.Release|Any CPU.Build.0 = Release|Any CPU
		{E862FB04-DFAF-494B-8BF5-01F8D12B3BA7}.Debug|Any CPU.ActiveCfg = Debug|Any CPU
		{E862FB04-DFAF-494B-8BF5-01F8D12B3BA7}.Debug|Any CPU.Build.0 = Debug|Any CPU
		{E862FB04-DFAF-494B-8BF5-01F8D12B3BA7}.Release|Any CPU.ActiveCfg = Release|Any CPU
		{E862FB04-DFAF-494B-8BF5-01F8D12B3BA7}.Release|Any CPU.Build.0 = Release|Any CPU
		{C24C4A22-1DF1-415E-8FFB-38654504BF0F}.Debug|Any CPU.ActiveCfg = Debug|Any CPU
		{C24C4A22-1DF1-415E-8FFB-38654504BF0F}.Debug|Any CPU.Build.0 = Debug|Any CPU
		{C24C4A22-1DF1-415E-8FFB-38654504BF0F}.Release|Any CPU.ActiveCfg = Release|Any CPU
		{C24C4A22-1DF1-415E-8FFB-38654504BF0F}.Release|Any CPU.Build.0 = Release|Any CPU
		{01B4A98C-18F4-4762-8A86-0BCE30CDFA2B}.Debug|Any CPU.ActiveCfg = Debug|Any CPU
		{01B4A98C-18F4-4762-8A86-0BCE30CDFA2B}.Debug|Any CPU.Build.0 = Debug|Any CPU
		{01B4A98C-18F4-4762-8A86-0BCE30CDFA2B}.Release|Any CPU.ActiveCfg = Release|Any CPU
		{01B4A98C-18F4-4762-8A86-0BCE30CDFA2B}.Release|Any CPU.Build.0 = Release|Any CPU
		{26DEC06D-9E33-461D-9407-33D4C5A89465}.Debug|Any CPU.ActiveCfg = Debug|Any CPU
		{26DEC06D-9E33-461D-9407-33D4C5A89465}.Debug|Any CPU.Build.0 = Debug|Any CPU
		{26DEC06D-9E33-461D-9407-33D4C5A89465}.Release|Any CPU.ActiveCfg = Release|Any CPU
		{26DEC06D-9E33-461D-9407-33D4C5A89465}.Release|Any CPU.Build.0 = Release|Any CPU
	EndGlobalSection
	GlobalSection(SolutionProperties) = preSolution
		HideSolutionNode = FALSE
	EndGlobalSection
	GlobalSection(NestedProjects) = preSolution
		{736683BA-DBB6-45C0-9A53-AE1082DE0107} = {ADAB79C6-C6CF-4D1C-BAB6-8F2476317C46}
		{1E0D71B9-AB7B-48F6-9A52-93E3C545CA9A} = {ADAB79C6-C6CF-4D1C-BAB6-8F2476317C46}
		{29D3E83A-49D4-4A07-8289-D7B70B8BF0EA} = {ADAB79C6-C6CF-4D1C-BAB6-8F2476317C46}
		{9A5B4766-2E89-432D-A99A-C4A4B4408616} = {F977B835-277F-4EA8-84DD-B5E7711E437C}
		{2168F175-DD63-4BAF-A0D4-E5B9B37B1DA1} = {F977B835-277F-4EA8-84DD-B5E7711E437C}
		{8932E14B-CD8C-4830-AF22-A1A43CDEE2CC} = {AF9D2FC3-5909-43B4-8A40-5A48A1FEB3B2}
		{7EEC5B83-DC8B-42FE-B14B-CADFD2D41465} = {AF9D2FC3-5909-43B4-8A40-5A48A1FEB3B2}
		{DBB2FE47-13CF-4539-B9B1-17DDDDC35987} = {AF9D2FC3-5909-43B4-8A40-5A48A1FEB3B2}
		{EAA8215B-65D6-43ED-8351-845C7F93A525} = {F977B835-277F-4EA8-84DD-B5E7711E437C}
		{0EDB7D79-C03E-435F-9177-33BED48489A9} = {AF9D2FC3-5909-43B4-8A40-5A48A1FEB3B2}
		{4368B80F-0583-488B-9630-AC03C4F56635} = {ADAB79C6-C6CF-4D1C-BAB6-8F2476317C46}
		{08BE184F-4316-4C1F-A351-AED37411E7D2} = {ADAB79C6-C6CF-4D1C-BAB6-8F2476317C46}
		{E862FB04-DFAF-494B-8BF5-01F8D12B3BA7} = {ADAB79C6-C6CF-4D1C-BAB6-8F2476317C46}
		{C24C4A22-1DF1-415E-8FFB-38654504BF0F} = {ADAB79C6-C6CF-4D1C-BAB6-8F2476317C46}
		{01B4A98C-18F4-4762-8A86-0BCE30CDFA2B} = {ADAB79C6-C6CF-4D1C-BAB6-8F2476317C46}
	EndGlobalSection
	GlobalSection(ExtensibilityGlobals) = postSolution
		SolutionGuid = {74A95D59-392F-476C-8DE7-7FECE6F9E7BE}
	EndGlobalSection
EndGlobal
